
Microsoft Visual Studio Solution File, Format Version 12.00
# Visual Studio Version 17
VisualStudioVersion = 17.6.33717.318
MinimumVisualStudioVersion = 10.0.40219.1
Project("{9A19103F-16F7-4668-BE54-9A1E7A4F7556}") = "Ventas.Web", "Ventas.Web\Ventas.Web.csproj", "{C6C1E2C1-2F7F-4F01-88AF-E5D394FF6000}"
EndProject
Project("{9A19103F-16F7-4668-BE54-9A1E7A4F7556}") = "Ventas.API", "Ventas.API\Ventas.API.csproj", "{EC948BC9-958F-459D-A405-E4944B9DDC47}"
EndProject
Project("{9A19103F-16F7-4668-BE54-9A1E7A4F7556}") = "Ventas.Application", "Ventas.Application\Ventas.Application.csproj", "{4A98A1EA-D085-427F-A189-217ACA8374E1}"
EndProject
Project("{9A19103F-16F7-4668-BE54-9A1E7A4F7556}") = "Ventas.Domain", "Ventas.Domain\Ventas.Domain.csproj", "{7D0AF90D-927C-47FE-915F-9B13AFDAE033}"
EndProject
Project("{9A19103F-16F7-4668-BE54-9A1E7A4F7556}") = "Ventas.IOC", "Ventas.IOC\Ventas.IOC.csproj", "{81B970B7-3285-49BD-AEAC-4165B538BF64}"
EndProject
Project("{9A19103F-16F7-4668-BE54-9A1E7A4F7556}") = "Ventas.Infrastructure", "Ventas.Infrastructure\Ventas.Infrastructure.csproj", "{B8FFE7BC-AC28-4D2C-8B30-5AE749D1ED87}"
EndProject
Project("{FAE04EC0-301F-11D3-BF4B-00C04F79EFBC}") = "Venta.Application", "Venta.Application\Venta.Application.csproj", "{600071EC-162C-455D-A35A-913D7E618906}"
EndProject
Global
	GlobalSection(SolutionConfigurationPlatforms) = preSolution
		Debug|Any CPU = Debug|Any CPU
		Release|Any CPU = Release|Any CPU
	EndGlobalSection
	GlobalSection(ProjectConfigurationPlatforms) = postSolution
		{C6C1E2C1-2F7F-4F01-88AF-E5D394FF6000}.Debug|Any CPU.ActiveCfg = Debug|Any CPU
		{C6C1E2C1-2F7F-4F01-88AF-E5D394FF6000}.Debug|Any CPU.Build.0 = Debug|Any CPU
		{C6C1E2C1-2F7F-4F01-88AF-E5D394FF6000}.Release|Any CPU.ActiveCfg = Release|Any CPU
		{C6C1E2C1-2F7F-4F01-88AF-E5D394FF6000}.Release|Any CPU.Build.0 = Release|Any CPU
		{EC948BC9-958F-459D-A405-E4944B9DDC47}.Debug|Any CPU.ActiveCfg = Debug|Any CPU
		{EC948BC9-958F-459D-A405-E4944B9DDC47}.Debug|Any CPU.Build.0 = Debug|Any CPU
		{EC948BC9-958F-459D-A405-E4944B9DDC47}.Release|Any CPU.ActiveCfg = Release|Any CPU
		{EC948BC9-958F-459D-A405-E4944B9DDC47}.Release|Any CPU.Build.0 = Release|Any CPU
		{4A98A1EA-D085-427F-A189-217ACA8374E1}.Debug|Any CPU.ActiveCfg = Debug|Any CPU
		{4A98A1EA-D085-427F-A189-217ACA8374E1}.Debug|Any CPU.Build.0 = Debug|Any CPU
		{4A98A1EA-D085-427F-A189-217ACA8374E1}.Release|Any CPU.ActiveCfg = Release|Any CPU
		{4A98A1EA-D085-427F-A189-217ACA8374E1}.Release|Any CPU.Build.0 = Release|Any CPU
		{7D0AF90D-927C-47FE-915F-9B13AFDAE033}.Debug|Any CPU.ActiveCfg = Debug|Any CPU
		{7D0AF90D-927C-47FE-915F-9B13AFDAE033}.Debug|Any CPU.Build.0 = Debug|Any CPU
		{7D0AF90D-927C-47FE-915F-9B13AFDAE033}.Release|Any CPU.ActiveCfg = Release|Any CPU
		{7D0AF90D-927C-47FE-915F-9B13AFDAE033}.Release|Any CPU.Build.0 = Release|Any CPU
		{81B970B7-3285-49BD-AEAC-4165B538BF64}.Debug|Any CPU.ActiveCfg = Debug|Any CPU
		{81B970B7-3285-49BD-AEAC-4165B538BF64}.Debug|Any CPU.Build.0 = Debug|Any CPU
		{81B970B7-3285-49BD-AEAC-4165B538BF64}.Release|Any CPU.ActiveCfg = Release|Any CPU
		{81B970B7-3285-49BD-AEAC-4165B538BF64}.Release|Any CPU.Build.0 = Release|Any CPU
		{B8FFE7BC-AC28-4D2C-8B30-5AE749D1ED87}.Debug|Any CPU.ActiveCfg = Debug|Any CPU
		{B8FFE7BC-AC28-4D2C-8B30-5AE749D1ED87}.Debug|Any CPU.Build.0 = Debug|Any CPU
		{B8FFE7BC-AC28-4D2C-8B30-5AE749D1ED87}.Release|Any CPU.ActiveCfg = Release|Any CPU
		{B8FFE7BC-AC28-4D2C-8B30-5AE749D1ED87}.Release|Any CPU.Build.0 = Release|Any CPU
		{600071EC-162C-455D-A35A-913D7E618906}.Debug|Any CPU.ActiveCfg = Debug|Any CPU
		{600071EC-162C-455D-A35A-913D7E618906}.Debug|Any CPU.Build.0 = Debug|Any CPU
		{600071EC-162C-455D-A35A-913D7E618906}.Release|Any CPU.ActiveCfg = Release|Any CPU
		{600071EC-162C-455D-A35A-913D7E618906}.Release|Any CPU.Build.0 = Release|Any CPU
	EndGlobalSection
	GlobalSection(SolutionProperties) = preSolution
		HideSolutionNode = FALSE
	EndGlobalSection
	GlobalSection(ExtensibilityGlobals) = postSolution
		SolutionGuid = {E14E211A-8CE4-4848-9B53-2EE6CC01A12A}
	EndGlobalSection
EndGlobal
